schema: '2.0'
stages:
  clean_transactions:
    cmd: python -m aml_detection.dataset_loader
    deps:
    - path: aml_detection/dataset_loader.py
      hash: md5
      md5: 52da21a96daf668601ab081a191b7de8
      size: 9622
    - path: data/raw/HI-Small_Trans.csv
      hash: md5
      md5: 9667f3a6323e6ad88e699acf42db9157
      size: 475664283
    outs:
    - path: data/interim/transaction/transaction_cleaned.parquet
      hash: md5
      md5: 5d94d1493361912683241746d4d5a788
      size: 192129621
  merge_accounts:
    cmd: python -m aml_detection.dataset_loader_accounts
    deps:
    - path: aml_detection/dataset_loader_accounts.py
      hash: md5
      md5: 98ba12a139e5b8b26c4cad991ae0abdb
      size: 10004
    - path: data/interim/transaction/transaction_cleaned.parquet
      hash: md5
      md5: 5d94d1493361912683241746d4d5a788
      size: 192129621
    - path: data/raw/HI-Small_accounts.csv
      hash: md5
      md5: 96f67c1d734441050fd2ba960bb5aeef
      size: 34053187
    outs:
    - path: data/interim/merged/transactions_merged.parquet
      hash: md5
      md5: ec2bcbb8cda2dd51073122593e5aa74f
      size: 202976106
  build_features:
    cmd: python -m aml_detection.features
    deps:
    - path: aml_detection/features.py
      hash: md5
      md5: 06a91a3427574cc173f9630a00bcca3b
      size: 11972
    - path: data/interim/merged/transactions_merged.parquet
      hash: md5
      md5: ec2bcbb8cda2dd51073122593e5aa74f
      size: 202976106
    outs:
    - path: data/processed/transactions_features.parquet
      hash: md5
      md5: 62f64cee2ca81e3762cfc728d2a59a3b
      size: 341227405
  split_data:
    cmd: python -m aml_detection.splitting
    deps:
    - path: aml_detection/splitting.py
      hash: md5
      md5: 215d9ef0194eac2e70a35fdd73a49fb7
      size: 10635
    - path: data/processed/transactions_features.parquet
      hash: md5
      md5: 62f64cee2ca81e3762cfc728d2a59a3b
      size: 341227405
    outs:
    - path: data/processed/splits/test.parquet
      hash: md5
      md5: 87d98678b1b07bdd2d62f9eeed25fd27
      size: 70598564
    - path: data/processed/splits/train.parquet
      hash: md5
      md5: 822bf2c147de816ba6da455f6e5b331b
      size: 75468759
    - path: data/processed/splits/val.parquet
      hash: md5
      md5: 0341e728036d78b0f0b8b6936fead85b
      size: 65452806
  train_models:
    cmd: python -m aml_detection.modeling.train
    deps:
    - path: aml_detection/features.py
      hash: md5
      md5: 06a91a3427574cc173f9630a00bcca3b
      size: 11972
    - path: aml_detection/modeling/train.py
      hash: md5
      md5: be7d61fbb784ffdd11d48a22816de9be
      size: 17722
    - path: data/processed/splits/train.parquet
      hash: md5
      md5: 822bf2c147de816ba6da455f6e5b331b
      size: 75468759
    - path: data/processed/splits/val.parquet
      hash: md5
      md5: 0341e728036d78b0f0b8b6936fead85b
      size: 65452806
    outs:
    - path: reports/metrics.json
      hash: md5
      md5: 4b62b4f768741d4562faad4e3ee3ce22
      size: 184
    - path: reports/model_comparison.csv
      hash: md5
      md5: 9226e66619e2b0f54caaf8118aec8d6d
      size: 1412
  tune_models:
    cmd: python -m aml_detection.modeling.tune
    deps:
    - path: aml_detection/modeling/tune.py
      hash: md5
      md5: 80de499045bf4b52a6dbdce506df456b
      size: 11904
    - path: data/processed/splits/train.parquet
      hash: md5
      md5: 822bf2c147de816ba6da455f6e5b331b
      size: 75468759
    - path: data/processed/splits/val.parquet
      hash: md5
      md5: 0341e728036d78b0f0b8b6936fead85b
      size: 65452806
    params:
      params.yaml:
        tuning:
          n_splits: 3
          scoring: average_precision
          grids:
            logreg:
              model__C:
              - 0.01
              - 0.1
              - 1.0
              - 10.0
            xgboost:
              model__max_depth:
              - 4
              - 6
              - 8
              model__learning_rate:
              - 0.05
              - 0.1
              model__min_child_weight:
              - 1
              - 10
    outs:
    - path: reports/tuning_comparison.csv
      hash: md5
      md5: 25963e5319dc21eed7e4468061d76a4b
      size: 1073
    - path: reports/tuning_metrics.json
      hash: md5
      md5: 3d935f5ead67f099d470b1a27b797898
      size: 276
