schema: '2.0'
stages:
  clean_transactions:
    cmd: python -m aml_detection.dataset_loader
    deps:
    - path: aml_detection/dataset_loader.py
      hash: md5
      md5: 52da21a96daf668601ab081a191b7de8
      size: 9622
    - path: data/raw/HI-Small_Trans.csv
      hash: md5
      md5: 9667f3a6323e6ad88e699acf42db9157
      size: 475664283
    outs:
    - path: data/interim/transaction/transaction_cleaned.parquet
      hash: md5
      md5: 5d94d1493361912683241746d4d5a788
      size: 192129621
  merge_accounts:
    cmd: python -m aml_detection.dataset_loader_accounts
    deps:
    - path: aml_detection/dataset_loader_accounts.py
      hash: md5
      md5: 98ba12a139e5b8b26c4cad991ae0abdb
      size: 10004
    - path: data/interim/transaction/transaction_cleaned.parquet
      hash: md5
      md5: 5d94d1493361912683241746d4d5a788
      size: 192129621
    - path: data/raw/HI-Small_accounts.csv
      hash: md5
      md5: 96f67c1d734441050fd2ba960bb5aeef
      size: 34053187
    outs:
    - path: data/interim/merged/transactions_merged.parquet
      hash: md5
      md5: ec2bcbb8cda2dd51073122593e5aa74f
      size: 202976106
  build_features:
    cmd: python -m aml_detection.features
    deps:
    - path: aml_detection/features.py
      hash: md5
      md5: 06a91a3427574cc173f9630a00bcca3b
      size: 11972
    - path: data/interim/merged/transactions_merged.parquet
      hash: md5
      md5: ec2bcbb8cda2dd51073122593e5aa74f
      size: 202976106
    outs:
    - path: data/processed/transactions_features.parquet
      hash: md5
      md5: 62f64cee2ca81e3762cfc728d2a59a3b
      size: 341227405
  split_data:
    cmd: python -m aml_detection.splitting
    deps:
    - path: aml_detection/splitting.py
      hash: md5
      md5: a190a39cb8f618e20ad05dcd54575d64
      size: 10641
    - path: data/processed/transactions_graph_features.parquet
      hash: md5
      md5: 1e4bbbc61f142f7541b1f9571faecca2
      size: 808761121
    outs:
    - path: data/processed/splits/test.parquet
      hash: md5
      md5: 1706e9e2e8ce86d76d7b5af59893d312
      size: 184168606
    - path: data/processed/splits/train.parquet
      hash: md5
      md5: 069ec4090126b89ee86f34af0dab0115
      size: 209262265
    - path: data/processed/splits/val.parquet
      hash: md5
      md5: e60d30ab99d7411dab57f3c442cc3b64
      size: 178614945
  train_models:
    cmd: python -m aml_detection.modeling.train
    deps:
    - path: aml_detection/features.py
      hash: md5
      md5: 06a91a3427574cc173f9630a00bcca3b
      size: 11972
    - path: aml_detection/graph_features.py
      hash: md5
      md5: c392f927791201b473991353f33de0ae
      size: 16281
    - path: aml_detection/modeling/train.py
      hash: md5
      md5: 50e38d36a40813f3d6d494e9f394ae2b
      size: 17921
    - path: data/processed/splits/train.parquet
      hash: md5
      md5: 069ec4090126b89ee86f34af0dab0115
      size: 209262265
    - path: data/processed/splits/val.parquet
      hash: md5
      md5: e60d30ab99d7411dab57f3c442cc3b64
      size: 178614945
    outs:
    - path: reports/metrics.json
      hash: md5
      md5: 785f575f07cfebd7c8442913357001e7
      size: 180
    - path: reports/model_comparison.csv
      hash: md5
      md5: d58e7535065a35115c047d6bc376dced
      size: 1403
  tune_models:
    cmd: python -m aml_detection.modeling.tune
    deps:
    - path: aml_detection/modeling/tune.py
      hash: md5
      md5: 80de499045bf4b52a6dbdce506df456b
      size: 11904
    - path: data/processed/splits/train.parquet
      hash: md5
      md5: 069ec4090126b89ee86f34af0dab0115
      size: 209262265
    - path: data/processed/splits/val.parquet
      hash: md5
      md5: e60d30ab99d7411dab57f3c442cc3b64
      size: 178614945
    params:
      params.yaml:
        tuning:
          n_splits: 3
          scoring: average_precision
          grids:
            logreg:
              model__C:
              - 0.01
              - 0.1
              - 1.0
              - 10.0
            xgboost:
              model__max_depth:
              - 4
              - 6
              - 8
              model__learning_rate:
              - 0.05
              - 0.1
              model__min_child_weight:
              - 1
              - 10
    outs:
    - path: reports/tuning_comparison.csv
      hash: md5
      md5: 32a09e8541518a1f005956b3d18a1877
      size: 1073
    - path: reports/tuning_metrics.json
      hash: md5
      md5: 381c7a68af8eb8e130a3df192f1fe510
      size: 278
  build_graph_features:
    cmd: python -m aml_detection.graph_features
    deps:
    - path: aml_detection/graph_features.py
      hash: md5
      md5: c392f927791201b473991353f33de0ae
      size: 16281
    - path: data/processed/transactions_features.parquet
      hash: md5
      md5: 62f64cee2ca81e3762cfc728d2a59a3b
      size: 341227405
    outs:
    - path: data/processed/transactions_graph_features.parquet
      hash: md5
      md5: 1e4bbbc61f142f7541b1f9571faecca2
      size: 808761121
